
Microsoft Visual Studio Solution File, Format Version 12.00
# Visual Studio Version 17
VisualStudioVersion = 17.5.002.0
MinimumVisualStudioVersion = 10.0.40219.1
Project("{9A19103F-16F7-4668-BE54-9A1E7A4F7556}") = "DesafioPOO", "DesafioPOO.csproj", "{438D7259-70A0-4AEF-B242-012AAE56DFC1}"
EndProject
Global
	GlobalSection(SolutionConfigurationPlatforms) = preSolution
		Debug|Any CPU = Debug|Any CPU
		Release|Any CPU = Release|Any CPU
	EndGlobalSection
	GlobalSection(ProjectConfigurationPlatforms) = postSolution
		{438D7259-70A0-4AEF-B242-012AAE56DFC1}.Debug|Any CPU.ActiveCfg = Debug|Any CPU
		{438D7259-70A0-4AEF-B242-012AAE56DFC1}.Debug|Any CPU.Build.0 = Debug|Any CPU
		{438D7259-70A0-4AEF-B242-012AAE56DFC1}.Release|Any CPU.ActiveCfg = Release|Any CPU
		{438D7259-70A0-4AEF-B242-012AAE56DFC1}.Release|Any CPU.Build.0 = Release|Any CPU
	EndGlobalSection
	GlobalSection(SolutionProperties) = preSolution
		HideSolutionNode = FALSE
	EndGlobalSection
	GlobalSection(ExtensibilityGlobals) = postSolution
		SolutionGuid = {68F071A1-8C7C-4C5C-A175-DB2120CCCA35}
	EndGlobalSection
EndGlobal
